// !$*UTF8*$!
{
	archiveVersion = 1;
	classes = {
	};
	objectVersion = 51;
	objects = {

/* Begin PBXBuildFile section */
		01740E4F23C6F48B003299B2 /* AppDelegate.swift in Sources */ = {isa = PBXBuildFile; fileRef = 01740E4E23C6F48B003299B2 /* AppDelegate.swift */; };
		01740E5323C6F48B003299B2 /* ViewController.swift in Sources */ = {isa = PBXBuildFile; fileRef = 01740E5223C6F48B003299B2 /* ViewController.swift */; };
		01740E5623C6F48B003299B2 /* Main.storyboard in Resources */ = {isa = PBXBuildFile; fileRef = 01740E5423C6F48B003299B2 /* Main.storyboard */; };
		01740E5823C6F48C003299B2 /* Assets.xcassets in Resources */ = {isa = PBXBuildFile; fileRef = 01740E5723C6F48C003299B2 /* Assets.xcassets */; };
		01740E5B23C6F48C003299B2 /* LaunchScreen.storyboard in Resources */ = {isa = PBXBuildFile; fileRef = 01740E5923C6F48C003299B2 /* LaunchScreen.storyboard */; };
		01740E6923C6F55F003299B2 /* Cartfile in Resources */ = {isa = PBXBuildFile; fileRef = 01740E6823C6F55F003299B2 /* Cartfile */; };
		01740E6B23C6F606003299B2 /* Butter+ApplicationBroads.swift in Sources */ = {isa = PBXBuildFile; fileRef = 01740E6A23C6F606003299B2 /* Butter+ApplicationBroads.swift */; };
		01740E8723C6F8F4003299B2 /* AnyCodable.framework in Frameworks */ = {isa = PBXBuildFile; fileRef = 01740E7723C6F8F4003299B2 /* AnyCodable.framework */; };
		01740E9423C6F9BB003299B2 /* GoogleService-Info.plist in Resources */ = {isa = PBXBuildFile; fileRef = 01740E9323C6F9BA003299B2 /* GoogleService-Info.plist */; };
		0196964623DA993D005F53CF /* ButterBroad.framework in Frameworks */ = {isa = PBXBuildFile; fileRef = 0196964523DA993D005F53CF /* ButterBroad.framework */; };
		0196964723DA993D005F53CF /* ButterBroad.framework in Embed Frameworks */ = {isa = PBXBuildFile; fileRef = 0196964523DA993D005F53CF /* ButterBroad.framework */; settings = {ATTRIBUTES = (CodeSignOnCopy, RemoveHeadersOnCopy, ); }; };
		01977E5623CD843500C694EB /* FaceBookBroad.framework in Frameworks */ = {isa = PBXBuildFile; fileRef = 01740E7423C6F8F4003299B2 /* FaceBookBroad.framework */; };
		01977E5A23CD843500C694EB /* FirebaseBroad.framework in Frameworks */ = {isa = PBXBuildFile; fileRef = 01977E5923CD843500C694EB /* FirebaseBroad.framework */; };
		01977E5C23CD846000C694EB /* FBSDKCoreKit.framework in Frameworks */ = {isa = PBXBuildFile; fileRef = 01740E7223C6F8F4003299B2 /* FBSDKCoreKit.framework */; };
		01977E5E23CD847E00C694EB /* FacebookCore.framework in Frameworks */ = {isa = PBXBuildFile; fileRef = 01740E9023C6F996003299B2 /* FacebookCore.framework */; };
		01CD0AA023CC55A3005C8A73 /* Analog.framework in Frameworks */ = {isa = PBXBuildFile; fileRef = 01740E7323C6F8F4003299B2 /* Analog.framework */; };
		01CD0AA223CC55A3005C8A73 /* AnalogBroad.framework in Frameworks */ = {isa = PBXBuildFile; fileRef = 01740E7123C6F8F4003299B2 /* AnalogBroad.framework */; };
/* End PBXBuildFile section */

/* Begin PBXCopyFilesBuildPhase section */
		0144E0B123D5A6CC0085DDD0 /* Embed Frameworks */ = {
			isa = PBXCopyFilesBuildPhase;
			buildActionMask = 2147483647;
			dstPath = "";
			dstSubfolderSpec = 10;
			files = (
				0196964723DA993D005F53CF /* ButterBroad.framework in Embed Frameworks */,
			);
			name = "Embed Frameworks";
			runOnlyForDeploymentPostprocessing = 0;
		};
/* End PBXCopyFilesBuildPhase section */

/* Begin PBXFileReference section */
		01740E4B23C6F48B003299B2 /* ButterBroadExample.app */ = {isa = PBXFileReference; explicitFileType = wrapper.application; includeInIndex = 0; path = ButterBroadExample.app; sourceTree = BUILT_PRODUCTS_DIR; };
		01740E4E23C6F48B003299B2 /* AppDelegate.swift */ = {isa = PBXFileReference; lastKnownFileType = sourcecode.swift; path = AppDelegate.swift; sourceTree = "<group>"; };
		01740E5223C6F48B003299B2 /* ViewController.swift */ = {isa = PBXFileReference; lastKnownFileType = sourcecode.swift; path = ViewController.swift; sourceTree = "<group>"; };
		01740E5523C6F48B003299B2 /* Base */ = {isa = PBXFileReference; lastKnownFileType = file.storyboard; name = Base; path = Base.lproj/Main.storyboard; sourceTree = "<group>"; };
		01740E5723C6F48C003299B2 /* Assets.xcassets */ = {isa = PBXFileReference; lastKnownFileType = folder.assetcatalog; path = Assets.xcassets; sourceTree = "<group>"; };
		01740E5A23C6F48C003299B2 /* Base */ = {isa = PBXFileReference; lastKnownFileType = file.storyboard; name = Base; path = Base.lproj/LaunchScreen.storyboard; sourceTree = "<group>"; };
		01740E5C23C6F48C003299B2 /* Info.plist */ = {isa = PBXFileReference; lastKnownFileType = text.plist.xml; path = Info.plist; sourceTree = "<group>"; };
		01740E6823C6F55F003299B2 /* Cartfile */ = {isa = PBXFileReference; fileEncoding = 4; lastKnownFileType = text; path = Cartfile; sourceTree = SOURCE_ROOT; };
		01740E6A23C6F606003299B2 /* Butter+ApplicationBroads.swift */ = {isa = PBXFileReference; lastKnownFileType = sourcecode.swift; path = "Butter+ApplicationBroads.swift"; sourceTree = "<group>"; };
		01740E7123C6F8F4003299B2 /* AnalogBroad.framework */ = {isa = PBXFileReference; lastKnownFileType = wrapper.framework; name = AnalogBroad.framework; path = Carthage/Build/iOS/AnalogBroad.framework; sourceTree = "<group>"; };
		01740E7223C6F8F4003299B2 /* FBSDKCoreKit.framework */ = {isa = PBXFileReference; lastKnownFileType = wrapper.framework; name = FBSDKCoreKit.framework; path = Carthage/Build/iOS/FBSDKCoreKit.framework; sourceTree = "<group>"; };
		01740E7323C6F8F4003299B2 /* Analog.framework */ = {isa = PBXFileReference; lastKnownFileType = wrapper.framework; name = Analog.framework; path = Carthage/Build/iOS/Analog.framework; sourceTree = "<group>"; };
		01740E7423C6F8F4003299B2 /* FaceBookBroad.framework */ = {isa = PBXFileReference; lastKnownFileType = wrapper.framework; name = FaceBookBroad.framework; path = Carthage/Build/iOS/FaceBookBroad.framework; sourceTree = "<group>"; };
		01740E7723C6F8F4003299B2 /* AnyCodable.framework */ = {isa = PBXFileReference; lastKnownFileType = wrapper.framework; name = AnyCodable.framework; path = Carthage/Build/iOS/AnyCodable.framework; sourceTree = "<group>"; };
		01740E7A23C6F8F4003299B2 /* Firebase.framework */ = {isa = PBXFileReference; lastKnownFileType = wrapper.framework; name = Firebase.framework; path = Carthage/Build/iOS/Firebase.framework; sourceTree = "<group>"; };
		01740E9023C6F996003299B2 /* FacebookCore.framework */ = {isa = PBXFileReference; lastKnownFileType = wrapper.framework; name = FacebookCore.framework; path = Carthage/Build/iOS/FacebookCore.framework; sourceTree = "<group>"; };
		01740E9323C6F9BA003299B2 /* GoogleService-Info.plist */ = {isa = PBXFileReference; fileEncoding = 4; lastKnownFileType = text.plist.xml; path = "GoogleService-Info.plist"; sourceTree = "<group>"; };
		0196964523DA993D005F53CF /* ButterBroad.framework */ = {isa = PBXFileReference; lastKnownFileType = wrapper.framework; name = ButterBroad.framework; path = Carthage/Build/iOS/ButterBroad.framework; sourceTree = "<group>"; };
		01977E5923CD843500C694EB /* FirebaseBroad.framework */ = {isa = PBXFileReference; lastKnownFileType = wrapper.framework; name = FirebaseBroad.framework; path = Carthage/Build/iOS/FirebaseBroad.framework; sourceTree = "<group>"; };
/* End PBXFileReference section */

/* Begin PBXFrameworksBuildPhase section */
		01740E4823C6F48B003299B2 /* Frameworks */ = {
			isa = PBXFrameworksBuildPhase;
			buildActionMask = 2147483647;
			files = (
				01CD0AA023CC55A3005C8A73 /* Analog.framework in Frameworks */,
				01977E5623CD843500C694EB /* FaceBookBroad.framework in Frameworks */,
				01977E5A23CD843500C694EB /* FirebaseBroad.framework in Frameworks */,
				01740E8723C6F8F4003299B2 /* AnyCodable.framework in Frameworks */,
				01977E5C23CD846000C694EB /* FBSDKCoreKit.framework in Frameworks */,
				01977E5E23CD847E00C694EB /* FacebookCore.framework in Frameworks */,
				01CD0AA223CC55A3005C8A73 /* AnalogBroad.framework in Frameworks */,
				0196964623DA993D005F53CF /* ButterBroad.framework in Frameworks */,
			);
			runOnlyForDeploymentPostprocessing = 0;
		};
/* End PBXFrameworksBuildPhase section */

/* Begin PBXGroup section */
		01740E4223C6F48B003299B2 = {
			isa = PBXGroup;
			children = (
				01740E4D23C6F48B003299B2 /* ButterBroadExample */,
				01740E4C23C6F48B003299B2 /* Products */,
				01740E7023C6F8F4003299B2 /* Frameworks */,
			);
			sourceTree = "<group>";
		};
		01740E4C23C6F48B003299B2 /* Products */ = {
			isa = PBXGroup;
			children = (
				01740E4B23C6F48B003299B2 /* ButterBroadExample.app */,
			);
			name = Products;
			sourceTree = "<group>";
		};
		01740E4D23C6F48B003299B2 /* ButterBroadExample */ = {
			isa = PBXGroup;
			children = (
				01740E9323C6F9BA003299B2 /* GoogleService-Info.plist */,
				01740E6823C6F55F003299B2 /* Cartfile */,
				01740E4E23C6F48B003299B2 /* AppDelegate.swift */,
				01740E5223C6F48B003299B2 /* ViewController.swift */,
				01740E5423C6F48B003299B2 /* Main.storyboard */,
				01740E5723C6F48C003299B2 /* Assets.xcassets */,
				01740E5923C6F48C003299B2 /* LaunchScreen.storyboard */,
				01740E5C23C6F48C003299B2 /* Info.plist */,
				01740E6A23C6F606003299B2 /* Butter+ApplicationBroads.swift */,
			);
			path = ButterBroadExample;
			sourceTree = "<group>";
		};
		01740E7023C6F8F4003299B2 /* Frameworks */ = {
			isa = PBXGroup;
			children = (
				0196964523DA993D005F53CF /* ButterBroad.framework */,
				01977E5923CD843500C694EB /* FirebaseBroad.framework */,
				01740E9023C6F996003299B2 /* FacebookCore.framework */,
				01740E7323C6F8F4003299B2 /* Analog.framework */,
				01740E7123C6F8F4003299B2 /* AnalogBroad.framework */,
				01740E7723C6F8F4003299B2 /* AnyCodable.framework */,
				01740E7423C6F8F4003299B2 /* FaceBookBroad.framework */,
				01740E7223C6F8F4003299B2 /* FBSDKCoreKit.framework */,
				01740E7A23C6F8F4003299B2 /* Firebase.framework */,
			);
			name = Frameworks;
			sourceTree = "<group>";
		};
/* End PBXGroup section */

/* Begin PBXNativeTarget section */
		01740E4A23C6F48B003299B2 /* ButterBroadExample */ = {
			isa = PBXNativeTarget;
			buildConfigurationList = 01740E5F23C6F48C003299B2 /* Build configuration list for PBXNativeTarget "ButterBroadExample" */;
			buildPhases = (
				01740E4723C6F48B003299B2 /* Sources */,
				01740E4823C6F48B003299B2 /* Frameworks */,
				01740E4923C6F48B003299B2 /* Resources */,
				01740E6D23C6F775003299B2 /* Swiftlint */,
				W60DXR1JVLYH37RXPWSWGKP0 /* Carthage */,
				0144E0B123D5A6CC0085DDD0 /* Embed Frameworks */,
			);
			buildRules = (
			);
			dependencies = (
			);
			name = ButterBroadExample;
			productName = ButterBroadExample;
			productReference = 01740E4B23C6F48B003299B2 /* ButterBroadExample.app */;
			productType = "com.apple.product-type.application";
		};
/* End PBXNativeTarget section */

/* Begin PBXProject section */
		01740E4323C6F48B003299B2 /* Project object */ = {
			isa = PBXProject;
			attributes = {
				LastSwiftUpdateCheck = 1130;
				LastUpgradeCheck = 1130;
				ORGANIZATIONNAME = Rosberry;
				TargetAttributes = {
					01740E4A23C6F48B003299B2 = {
						CreatedOnToolsVersion = 11.3;
					};
				};
			};
			buildConfigurationList = 01740E4623C6F48B003299B2 /* Build configuration list for PBXProject "ButterBroadExample" */;
			compatibilityVersion = "Xcode 9.3";
			developmentRegion = en;
			hasScannedForEncodings = 0;
			knownRegions = (
				en,
				Base,
			);
			mainGroup = 01740E4223C6F48B003299B2;
			productRefGroup = 01740E4C23C6F48B003299B2 /* Products */;
			projectDirPath = "";
			projectRoot = "";
			targets = (
				01740E4A23C6F48B003299B2 /* ButterBroadExample */,
			);
		};
/* End PBXProject section */

/* Begin PBXResourcesBuildPhase section */
		01740E4923C6F48B003299B2 /* Resources */ = {
			isa = PBXResourcesBuildPhase;
			buildActionMask = 2147483647;
			files = (
				01740E5B23C6F48C003299B2 /* LaunchScreen.storyboard in Resources */,
				01740E5823C6F48C003299B2 /* Assets.xcassets in Resources */,
				01740E9423C6F9BB003299B2 /* GoogleService-Info.plist in Resources */,
				01740E6923C6F55F003299B2 /* Cartfile in Resources */,
				01740E5623C6F48B003299B2 /* Main.storyboard in Resources */,
			);
			runOnlyForDeploymentPostprocessing = 0;
		};
/* End PBXResourcesBuildPhase section */

/* Begin PBXShellScriptBuildPhase section */
		01740E6D23C6F775003299B2 /* Swiftlint */ = {
			isa = PBXShellScriptBuildPhase;
			buildActionMask = 2147483647;
			files = (
			);
			inputFileListPaths = (
			);
			inputPaths = (
			);
			name = Swiftlint;
			outputFileListPaths = (
			);
			outputPaths = (
			);
			runOnlyForDeploymentPostprocessing = 0;
			shellPath = /bin/sh;
			shellScript = "../Scripts/swiftlint_script.sh\n";
		};
		W60DXR1JVLYH37RXPWSWGKP0 /* Carthage */ = {
			isa = PBXShellScriptBuildPhase;
			buildActionMask = 2147483647;
			files = (
			);
			inputFileListPaths = (
				"$(SRCROOT)/Carthage/xcfilelists/ButterBroadExample-inputPaths.xcfilelist",
			);
			inputPaths = (
			);
			name = Carthage;
			outputFileListPaths = (
				"$(SRCROOT)/Carthage/xcfilelists/ButterBroadExample-outputPaths.xcfilelist",
			);
			outputPaths = (
			);
			runOnlyForDeploymentPostprocessing = 0;
			shellPath = /bin/sh;
			shellScript = "/usr/local/bin/carthage copy-frameworks\n";
			showEnvVarsInLog = 0;
		};
/* End PBXShellScriptBuildPhase section */

/* Begin PBXSourcesBuildPhase section */
		01740E4723C6F48B003299B2 /* Sources */ = {
			isa = PBXSourcesBuildPhase;
			buildActionMask = 2147483647;
			files = (
				01740E5323C6F48B003299B2 /* ViewController.swift in Sources */,
				01740E6B23C6F606003299B2 /* Butter+ApplicationBroads.swift in Sources */,
				01740E4F23C6F48B003299B2 /* AppDelegate.swift in Sources */,
			);
			runOnlyForDeploymentPostprocessing = 0;
		};
/* End PBXSourcesBuildPhase section */

/* Begin PBXVariantGroup section */
		01740E5423C6F48B003299B2 /* Main.storyboard */ = {
			isa = PBXVariantGroup;
			children = (
				01740E5523C6F48B003299B2 /* Base */,
			);
			name = Main.storyboard;
			sourceTree = "<group>";
		};
		01740E5923C6F48C003299B2 /* LaunchScreen.storyboard */ = {
			isa = PBXVariantGroup;
			children = (
				01740E5A23C6F48C003299B2 /* Base */,
			);
			name = LaunchScreen.storyboard;
			sourceTree = "<group>";
		};
/* End PBXVariantGroup section */

/* Begin XCBuildConfiguration section */
		01740E5D23C6F48C003299B2 /* Debug */ = {
			isa = XCBuildConfiguration;
			buildSettings = {
				ALWAYS_SEARCH_USER_PATHS = NO;
				CLANG_ANALYZER_NONNULL = YES;
				CLANG_ANALYZER_NUMBER_OBJECT_CONVERSION = YES_AGGRESSIVE;
				CLANG_CXX_LANGUAGE_STANDARD = "gnu++14";
				CLANG_CXX_LIBRARY = "libc++";
				CLANG_ENABLE_MODULES = YES;
				CLANG_ENABLE_OBJC_ARC = YES;
				CLANG_ENABLE_OBJC_WEAK = YES;
				CLANG_WARN_BLOCK_CAPTURE_AUTORELEASING = YES;
				CLANG_WARN_BOOL_CONVERSION = YES;
				CLANG_WARN_COMMA = YES;
				CLANG_WARN_CONSTANT_CONVERSION = YES;
				CLANG_WARN_DEPRECATED_OBJC_IMPLEMENTATIONS = YES;
				CLANG_WARN_DIRECT_OBJC_ISA_USAGE = YES_ERROR;
				CLANG_WARN_DOCUMENTATION_COMMENTS = YES;
				CLANG_WARN_EMPTY_BODY = YES;
				CLANG_WARN_ENUM_CONVERSION = YES;
				CLANG_WARN_INFINITE_RECURSION = YES;
				CLANG_WARN_INT_CONVERSION = YES;
				CLANG_WARN_NON_LITERAL_NULL_CONVERSION = YES;
				CLANG_WARN_OBJC_IMPLICIT_RETAIN_SELF = YES;
				CLANG_WARN_OBJC_LITERAL_CONVERSION = YES;
				CLANG_WARN_OBJC_ROOT_CLASS = YES_ERROR;
				CLANG_WARN_RANGE_LOOP_ANALYSIS = YES;
				CLANG_WARN_STRICT_PROTOTYPES = YES;
				CLANG_WARN_SUSPICIOUS_MOVE = YES;
				CLANG_WARN_UNGUARDED_AVAILABILITY = YES_AGGRESSIVE;
				CLANG_WARN_UNREACHABLE_CODE = YES;
				CLANG_WARN__DUPLICATE_METHOD_MATCH = YES;
				COPY_PHASE_STRIP = NO;
				DEBUG_INFORMATION_FORMAT = dwarf;
				ENABLE_STRICT_OBJC_MSGSEND = YES;
				ENABLE_TESTABILITY = YES;
				GCC_C_LANGUAGE_STANDARD = gnu11;
				GCC_DYNAMIC_NO_PIC = NO;
				GCC_NO_COMMON_BLOCKS = YES;
				GCC_OPTIMIZATION_LEVEL = 0;
				GCC_PREPROCESSOR_DEFINITIONS = (
					"DEBUG=1",
					"$(inherited)",
				);
				GCC_WARN_64_TO_32_BIT_CONVERSION = YES;
				GCC_WARN_ABOUT_RETURN_TYPE = YES_ERROR;
				GCC_WARN_UNDECLARED_SELECTOR = YES;
				GCC_WARN_UNINITIALIZED_AUTOS = YES_AGGRESSIVE;
				GCC_WARN_UNUSED_FUNCTION = YES;
				GCC_WARN_UNUSED_VARIABLE = YES;
				IPHONEOS_DEPLOYMENT_TARGET = 13.2;
				MTL_ENABLE_DEBUG_INFO = INCLUDE_SOURCE;
				MTL_FAST_MATH = YES;
				ONLY_ACTIVE_ARCH = YES;
				SDKROOT = iphoneos;
				SWIFT_ACTIVE_COMPILATION_CONDITIONS = DEBUG;
				SWIFT_OPTIMIZATION_LEVEL = "-Onone";
			};
			name = Debug;
		};
		01740E5E23C6F48C003299B2 /* Release */ = {
			isa = XCBuildConfiguration;
			buildSettings = {
				ALWAYS_SEARCH_USER_PATHS = NO;
				CLANG_ANALYZER_NONNULL = YES;
				CLANG_ANALYZER_NUMBER_OBJECT_CONVERSION = YES_AGGRESSIVE;
				CLANG_CXX_LANGUAGE_STANDARD = "gnu++14";
				CLANG_CXX_LIBRARY = "libc++";
				CLANG_ENABLE_MODULES = YES;
				CLANG_ENABLE_OBJC_ARC = YES;
				CLANG_ENABLE_OBJC_WEAK = YES;
				CLANG_WARN_BLOCK_CAPTURE_AUTORELEASING = YES;
				CLANG_WARN_BOOL_CONVERSION = YES;
				CLANG_WARN_COMMA = YES;
				CLANG_WARN_CONSTANT_CONVERSION = YES;
				CLANG_WARN_DEPRECATED_OBJC_IMPLEMENTATIONS = YES;
				CLANG_WARN_DIRECT_OBJC_ISA_USAGE = YES_ERROR;
				CLANG_WARN_DOCUMENTATION_COMMENTS = YES;
				CLANG_WARN_EMPTY_BODY = YES;
				CLANG_WARN_ENUM_CONVERSION = YES;
				CLANG_WARN_INFINITE_RECURSION = YES;
				CLANG_WARN_INT_CONVERSION = YES;
				CLANG_WARN_NON_LITERAL_NULL_CONVERSION = YES;
				CLANG_WARN_OBJC_IMPLICIT_RETAIN_SELF = YES;
				CLANG_WARN_OBJC_LITERAL_CONVERSION = YES;
				CLANG_WARN_OBJC_ROOT_CLASS = YES_ERROR;
				CLANG_WARN_RANGE_LOOP_ANALYSIS = YES;
				CLANG_WARN_STRICT_PROTOTYPES = YES;
				CLANG_WARN_SUSPICIOUS_MOVE = YES;
				CLANG_WARN_UNGUARDED_AVAILABILITY = YES_AGGRESSIVE;
				CLANG_WARN_UNREACHABLE_CODE = YES;
				CLANG_WARN__DUPLICATE_METHOD_MATCH = YES;
				COPY_PHASE_STRIP = NO;
				DEBUG_INFORMATION_FORMAT = "dwarf-with-dsym";
				ENABLE_NS_ASSERTIONS = NO;
				ENABLE_STRICT_OBJC_MSGSEND = YES;
				GCC_C_LANGUAGE_STANDARD = gnu11;
				GCC_NO_COMMON_BLOCKS = YES;
				GCC_WARN_64_TO_32_BIT_CONVERSION = YES;
				GCC_WARN_ABOUT_RETURN_TYPE = YES_ERROR;
				GCC_WARN_UNDECLARED_SELECTOR = YES;
				GCC_WARN_UNINITIALIZED_AUTOS = YES_AGGRESSIVE;
				GCC_WARN_UNUSED_FUNCTION = YES;
				GCC_WARN_UNUSED_VARIABLE = YES;
				IPHONEOS_DEPLOYMENT_TARGET = 13.2;
				MTL_ENABLE_DEBUG_INFO = NO;
				MTL_FAST_MATH = YES;
				SDKROOT = iphoneos;
				SWIFT_COMPILATION_MODE = wholemodule;
				SWIFT_OPTIMIZATION_LEVEL = "-O";
				VALIDATE_PRODUCT = YES;
			};
			name = Release;
		};
		01740E6023C6F48C003299B2 /* Debug */ = {
			isa = XCBuildConfiguration;
			buildSettings = {
				ASSETCATALOG_COMPILER_APPICON_NAME = AppIcon;
				CODE_SIGN_STYLE = Automatic;
				DEVELOPMENT_TEAM = GPVA8JVMU3;
				ENABLE_BITCODE = NO;
				FRAMEWORK_SEARCH_PATHS = (
					"$(inherited)",
					"$(PROJECT_DIR)/Carthage/Build/iOS",
				);
				INFOPLIST_FILE = ButterBroadExample/Info.plist;
				IPHONEOS_DEPLOYMENT_TARGET = 10.0;
				LD_RUNPATH_SEARCH_PATHS = (
					"$(inherited)",
					"@executable_path/Frameworks",
				);
				PRODUCT_BUNDLE_IDENTIFIER = com.rosberry.ButterBroadExample;
				PRODUCT_NAME = "$(TARGET_NAME)";
				SWIFT_INCLUDE_PATHS = "";
				SWIFT_VERSION = 5.0;
				TARGETED_DEVICE_FAMILY = "1,2";
			};
			name = Debug;
		};
		01740E6123C6F48C003299B2 /* Release */ = {
			isa = XCBuildConfiguration;
			buildSettings = {
				ASSETCATALOG_COMPILER_APPICON_NAME = AppIcon;
				CODE_SIGN_STYLE = Automatic;
				DEVELOPMENT_TEAM = GPVA8JVMU3;
				ENABLE_BITCODE = NO;
				FRAMEWORK_SEARCH_PATHS = (
					"$(inherited)",
					"$(PROJECT_DIR)/Carthage/Build/iOS",
				);
				INFOPLIST_FILE = ButterBroadExample/Info.plist;
				IPHONEOS_DEPLOYMENT_TARGET = 10.0;
				LD_RUNPATH_SEARCH_PATHS = (
					"$(inherited)",
					"@executable_path/Frameworks",
				);
				PRODUCT_BUNDLE_IDENTIFIER = com.rosberry.ButterBroadExample;
				PRODUCT_NAME = "$(TARGET_NAME)";
				SWIFT_INCLUDE_PATHS = "";
				SWIFT_VERSION = 5.0;
				TARGETED_DEVICE_FAMILY = "1,2";
			};
			name = Release;
		};
		01740E6E23C6F889003299B2 /* Analyze */ = {
			isa = XCBuildConfiguration;
			buildSettings = {
				ALWAYS_SEARCH_USER_PATHS = NO;
				CLANG_ANALYZER_NONNULL = YES;
				CLANG_ANALYZER_NUMBER_OBJECT_CONVERSION = YES_AGGRESSIVE;
				CLANG_CXX_LANGUAGE_STANDARD = "gnu++14";
				CLANG_CXX_LIBRARY = "libc++";
				CLANG_ENABLE_MODULES = YES;
				CLANG_ENABLE_OBJC_ARC = YES;
				CLANG_ENABLE_OBJC_WEAK = YES;
				CLANG_WARN_BLOCK_CAPTURE_AUTORELEASING = YES;
				CLANG_WARN_BOOL_CONVERSION = YES;
				CLANG_WARN_COMMA = YES;
				CLANG_WARN_CONSTANT_CONVERSION = YES;
				CLANG_WARN_DEPRECATED_OBJC_IMPLEMENTATIONS = YES;
				CLANG_WARN_DIRECT_OBJC_ISA_USAGE = YES_ERROR;
				CLANG_WARN_DOCUMENTATION_COMMENTS = YES;
				CLANG_WARN_EMPTY_BODY = YES;
				CLANG_WARN_ENUM_CONVERSION = YES;
				CLANG_WARN_INFINITE_RECURSION = YES;
				CLANG_WARN_INT_CONVERSION = YES;
				CLANG_WARN_NON_LITERAL_NULL_CONVERSION = YES;
				CLANG_WARN_OBJC_IMPLICIT_RETAIN_SELF = YES;
				CLANG_WARN_OBJC_LITERAL_CONVERSION = YES;
				CLANG_WARN_OBJC_ROOT_CLASS = YES_ERROR;
				CLANG_WARN_RANGE_LOOP_ANALYSIS = YES;
				CLANG_WARN_STRICT_PROTOTYPES = YES;
				CLANG_WARN_SUSPICIOUS_MOVE = YES;
				CLANG_WARN_UNGUARDED_AVAILABILITY = YES_AGGRESSIVE;
				CLANG_WARN_UNREACHABLE_CODE = YES;
				CLANG_WARN__DUPLICATE_METHOD_MATCH = YES;
				COPY_PHASE_STRIP = NO;
				DEBUG_INFORMATION_FORMAT = dwarf;
				ENABLE_STRICT_OBJC_MSGSEND = YES;
				ENABLE_TESTABILITY = YES;
				GCC_C_LANGUAGE_STANDARD = gnu11;
				GCC_DYNAMIC_NO_PIC = NO;
				GCC_NO_COMMON_BLOCKS = YES;
				GCC_OPTIMIZATION_LEVEL = 0;
				GCC_PREPROCESSOR_DEFINITIONS = (
					"DEBUG=1",
					"$(inherited)",
				);
				GCC_WARN_64_TO_32_BIT_CONVERSION = YES;
				GCC_WARN_ABOUT_RETURN_TYPE = YES_ERROR;
				GCC_WARN_UNDECLARED_SELECTOR = YES;
				GCC_WARN_UNINITIALIZED_AUTOS = YES_AGGRESSIVE;
				GCC_WARN_UNUSED_FUNCTION = YES;
				GCC_WARN_UNUSED_VARIABLE = YES;
				IPHONEOS_DEPLOYMENT_TARGET = 13.2;
				MTL_ENABLE_DEBUG_INFO = INCLUDE_SOURCE;
				MTL_FAST_MATH = YES;
				ONLY_ACTIVE_ARCH = YES;
				SDKROOT = iphoneos;
				SWIFT_ACTIVE_COMPILATION_CONDITIONS = DEBUG;
				SWIFT_OPTIMIZATION_LEVEL = "-Onone";
			};
			name = Analyze;
		};
		01740E6F23C6F889003299B2 /* Analyze */ = {
			isa = XCBuildConfiguration;
			buildSettings = {
				ASSETCATALOG_COMPILER_APPICON_NAME = AppIcon;
				CODE_SIGN_STYLE = Automatic;
				DEVELOPMENT_TEAM = GPVA8JVMU3;
				ENABLE_BITCODE = NO;
				FRAMEWORK_SEARCH_PATHS = (
					"$(inherited)",
					"$(PROJECT_DIR)/Carthage/Build/iOS",
				);
				INFOPLIST_FILE = ButterBroadExample/Info.plist;
				IPHONEOS_DEPLOYMENT_TARGET = 10.0;
				LD_RUNPATH_SEARCH_PATHS = (
					"$(inherited)",
					"@executable_path/Frameworks",
				);
				PRODUCT_BUNDLE_IDENTIFIER = com.rosberry.ButterBroadExample;
				PRODUCT_NAME = "$(TARGET_NAME)";
				SWIFT_INCLUDE_PATHS = "";
				SWIFT_VERSION = 5.0;
				TARGETED_DEVICE_FAMILY = "1,2";
			};
			name = Analyze;
		};
/* End XCBuildConfiguration section */

/* Begin XCConfigurationList section */
		01740E4623C6F48B003299B2 /* Build configuration list for PBXProject "ButterBroadExample" */ = {
			isa = XCConfigurationList;
			buildConfigurations = (
				01740E5D23C6F48C003299B2 /* Debug */,
				01740E6E23C6F889003299B2 /* Analyze */,
				01740E5E23C6F48C003299B2 /* Release */,
			);
			defaultConfigurationIsVisible = 0;
			defaultConfigurationName = Release;
		};
		01740E5F23C6F48C003299B2 /* Build configuration list for PBXNativeTarget "ButterBroadExample" */ = {
			isa = XCConfigurationList;
			buildConfigurations = (
				01740E6023C6F48C003299B2 /* Debug */,
				01740E6F23C6F889003299B2 /* Analyze */,
				01740E6123C6F48C003299B2 /* Release */,
			);
			defaultConfigurationIsVisible = 0;
			defaultConfigurationName = Release;
		};
/* End XCConfigurationList section */
	};
	rootObject = 01740E4323C6F48B003299B2 /* Project object */;
}
